<?xml version="1.0" encoding="utf-8"?>
<Project ToolsVersion="4.0" xmlns="http://schemas.microsoft.com/developer/msbuild/2003">
  <ItemGroup>
    <Filter Include="소스 파일">
      <UniqueIdentifier>{4FC737F1-C7A5-4376-A066-2A32D752A2FF}</UniqueIdentifier>
      <Extensions>cpp;c;cc;cxx;c++;cppm;ixx;def;odl;idl;hpj;bat;asm;asmx</Extensions>
    </Filter>
    <Filter Include="헤더 파일">
      <UniqueIdentifier>{93995380-89BD-4b04-88EB-625FBE52EBFB}</UniqueIdentifier>
      <Extensions>h;hh;hpp;hxx;h++;hm;inl;inc;ipp;xsd</Extensions>
    </Filter>
    <Filter Include="리소스 파일">
      <UniqueIdentifier>{67DA6AB6-F800-4c08-8B7A-83BB121AAD01}</UniqueIdentifier>
      <Extensions>rc;ico;cur;bmp;dlg;rc2;rct;bin;rgs;gif;jpg;jpeg;jpe;resx;tiff;tif;png;wav;mfcribbon-ms</Extensions>
    </Filter>
    <Filter Include="Baekjoon">
      <UniqueIdentifier>{1ce9ebe7-d800-4ffc-9c52-5ace07f465ce}</UniqueIdentifier>
    </Filter>
    <Filter Include="JUNGOL">
      <UniqueIdentifier>{4abca448-31d1-4ca1-b23e-9a5dddc424b1}</UniqueIdentifier>
    </Filter>
    <Filter Include="Personal_Study">
      <UniqueIdentifier>{a41dcf52-ccfd-46e7-91cc-48b3df994911}</UniqueIdentifier>
    </Filter>
    <Filter Include="CPP">
      <UniqueIdentifier>{10c53d0a-f11e-4db8-aed3-f52d937c59b4}</UniqueIdentifier>
    </Filter>
  </ItemGroup>
  <ItemGroup>
    <ClCompile Include="Baekjoon_Solve\B1094.c">
      <Filter>Baekjoon</Filter>
    </ClCompile>
    <ClCompile Include="Baekjoon_Solve\B1406.c">
      <Filter>Baekjoon</Filter>
    </ClCompile>
    <ClCompile Include="Baekjoon_Solve\B1654.c">
      <Filter>Baekjoon</Filter>
    </ClCompile>
    <ClCompile Include="Baekjoon_Solve\B2563.c">
      <Filter>Baekjoon</Filter>
    </ClCompile>
    <ClCompile Include="Baekjoon_Solve\B2578.c">
      <Filter>Baekjoon</Filter>
    </ClCompile>
    <ClCompile Include="Baekjoon_Solve\B2941.c">
      <Filter>Baekjoon</Filter>
    </ClCompile>
    <ClCompile Include="Baekjoon_Solve\B3273.c">
      <Filter>Baekjoon</Filter>
    </ClCompile>
    <ClCompile Include="JUNGOL_Solve\J1102.c">
      <Filter>JUNGOL</Filter>
    </ClCompile>
  </ItemGroup>
</Project>